
Microsoft Visual Studio Solution File, Format Version 12.00
# Visual Studio Version 16
VisualStudioVersion = 16.0.31702.278
MinimumVisualStudioVersion = 10.0.40219.1
Project("{FAE04EC0-301F-11D3-BF4B-00C04F79EFBC}") = "task-two", "task-two\task-two.csproj", "{60DE2307-DFF6-4B55-858E-54512B218606}"
EndProject
Global
	GlobalSection(SolutionConfigurationPlatforms) = preSolution
		Debug|Any CPU = Debug|Any CPU
		Release|Any CPU = Release|Any CPU
	EndGlobalSection
	GlobalSection(ProjectConfigurationPlatforms) = postSolution
		{60DE2307-DFF6-4B55-858E-54512B218606}.Debug|Any CPU.ActiveCfg = Debug|Any CPU
		{60DE2307-DFF6-4B55-858E-54512B218606}.Debug|Any CPU.Build.0 = Debug|Any CPU
		{60DE2307-DFF6-4B55-858E-54512B218606}.Release|Any CPU.ActiveCfg = Release|Any CPU
		{60DE2307-DFF6-4B55-858E-54512B218606}.Release|Any CPU.Build.0 = Release|Any CPU
	EndGlobalSection
	GlobalSection(SolutionProperties) = preSolution
		HideSolutionNode = FALSE
	EndGlobalSection
	GlobalSection(ExtensibilityGlobals) = postSolution
		SolutionGuid = {506FDDA1-4D35-4970-BB8E-9CC0E6C914B2}
	EndGlobalSection
EndGlobal
